<?xml version="1.0" encoding="utf-8"?>
<Project ToolsVersion="4.0" xmlns="http://schemas.microsoft.com/developer/msbuild/2003">
  <ItemGroup>
    <CudaCompile Include="kernel.cu" />
    <CudaCompile Include="main.cpp" />
  </ItemGroup>
  <ItemGroup>
    <ClInclude Include="camera.h" />
    <ClInclude Include="color.h" />
    <ClInclude Include="constants.h" />
    <ClInclude Include="material.h" />
    <ClInclude Include="mathematics.h" />
    <ClInclude Include="plane.h" />
    <ClInclude Include="ray.h" />
    <ClInclude Include="sphere.h" />
    <ClInclude Include="light.h" />
    <ClInclude Include="scene.h" />
  </ItemGroup>
</Project>